// !$*UTF8*$!
{
	archiveVersion = 1;
	classes = {
	};
	objectVersion = 46;
	objects = {

/* Begin PBXBuildFile section */
		81E8150F1CF488D600662AE9 /* AppDelegate.swift in Sources */ = {isa = PBXBuildFile; fileRef = 81E8150E1CF488D600662AE9 /* AppDelegate.swift */; };
		81E815111CF488D600662AE9 /* ViewController.swift in Sources */ = {isa = PBXBuildFile; fileRef = 81E815101CF488D600662AE9 /* ViewController.swift */; };
		81E815141CF488D600662AE9 /* Main.storyboard in Resources */ = {isa = PBXBuildFile; fileRef = 81E815121CF488D600662AE9 /* Main.storyboard */; };
		81E815161CF488D600662AE9 /* Assets.xcassets in Resources */ = {isa = PBXBuildFile; fileRef = 81E815151CF488D600662AE9 /* Assets.xcassets */; };
		81E815191CF488D600662AE9 /* LaunchScreen.storyboard in Resources */ = {isa = PBXBuildFile; fileRef = 81E815171CF488D600662AE9 /* LaunchScreen.storyboard */; };
/* End PBXBuildFile section */

/* Begin PBXFileReference section */
		81E8150B1CF488D600662AE9 /* manageLayoutView.app */ = {isa = PBXFileReference; explicitFileType = wrapper.application; includeInIndex = 0; path = manageLayoutView.app; sourceTree = BUILT_PRODUCTS_DIR; };
		81E8150E1CF488D600662AE9 /* AppDelegate.swift */ = {isa = PBXFileReference; lastKnownFileType = sourcecode.swift; path = AppDelegate.swift; sourceTree = "<group>"; };
		81E815101CF488D600662AE9 /* ViewController.swift */ = {isa = PBXFileReference; lastKnownFileType = sourcecode.swift; path = ViewController.swift; sourceTree = "<group>"; };
		81E815131CF488D600662AE9 /* Base */ = {isa = PBXFileReference; lastKnownFileType = file.storyboard; name = Base; path = Base.lproj/Main.storyboard; sourceTree = "<group>"; };
		81E815151CF488D600662AE9 /* Assets.xcassets */ = {isa = PBXFileReference; lastKnownFileType = folder.assetcatalog; path = Assets.xcassets; sourceTree = "<group>"; };
		81E815181CF488D600662AE9 /* Base */ = {isa = PBXFileReference; lastKnownFileType = file.storyboard; name = Base; path = Base.lproj/LaunchScreen.storyboard; sourceTree = "<group>"; };
		81E8151A1CF488D600662AE9 /* Info.plist */ = {isa = PBXFileReference; lastKnownFileType = text.plist.xml; path = Info.plist; sourceTree = "<group>"; };
/* End PBXFileReference section */

/* Begin PBXFrameworksBuildPhase section */
		81E815081CF488D600662AE9 /* Frameworks */ = {
			isa = PBXFrameworksBuildPhase;
			buildActionMask = 2147483647;
			files = (
			);
			runOnlyForDeploymentPostprocessing = 0;
		};
/* End PBXFrameworksBuildPhase section */

/* Begin PBXGroup section */
		81E815021CF488D600662AE9 = {
			isa = PBXGroup;
			children = (
				81E8150D1CF488D600662AE9 /* manageLayoutView */,
				81E8150C1CF488D600662AE9 /* Products */,
			);
			sourceTree = "<group>";
		};
		81E8150C1CF488D600662AE9 /* Products */ = {
			isa = PBXGroup;
			children = (
				81E8150B1CF488D600662AE9 /* manageLayoutView.app */,
			);
			name = Products;
			sourceTree = "<group>";
		};
		81E8150D1CF488D600662AE9 /* manageLayoutView */ = {
			isa = PBXGroup;
			children = (
				81E8150E1CF488D600662AE9 /* AppDelegate.swift */,
				81E815101CF488D600662AE9 /* ViewController.swift */,
				81E815121CF488D600662AE9 /* Main.storyboard */,
				81E815151CF488D600662AE9 /* Assets.xcassets */,
				81E815171CF488D600662AE9 /* LaunchScreen.storyboard */,
				81E8151A1CF488D600662AE9 /* Info.plist */,
			);
			path = manageLayoutView;
			sourceTree = "<group>";
		};
/* End PBXGroup section */

/* Begin PBXNativeTarget section */
		81E8150A1CF488D600662AE9 /* manageLayoutView */ = {
			isa = PBXNativeTarget;
			buildConfigurationList = 81E8151D1CF488D600662AE9 /* Build configuration list for PBXNativeTarget "manageLayoutView" */;
			buildPhases = (
				81E815071CF488D600662AE9 /* Sources */,
				81E815081CF488D600662AE9 /* Frameworks */,
				81E815091CF488D600662AE9 /* Resources */,
			);
			buildRules = (
			);
			dependencies = (
			);
			name = manageLayoutView;
			productName = manageLayoutView;
			productReference = 81E8150B1CF488D600662AE9 /* manageLayoutView.app */;
			productType = "com.apple.product-type.application";
		};
/* End PBXNativeTarget section */

/* Begin PBXProject section */
		81E815031CF488D600662AE9 /* Project object */ = {
			isa = PBXProject;
			attributes = {
				LastSwiftUpdateCheck = 0730;
				LastUpgradeCheck = 0730;
				ORGANIZATIONNAME = "Theerapan Khanthigul";
				TargetAttributes = {
					81E8150A1CF488D600662AE9 = {
						CreatedOnToolsVersion = 7.3.1;
						DevelopmentTeam = J57HZNN3MN;
					};
				};
			};
			buildConfigurationList = 81E815061CF488D600662AE9 /* Build configuration list for PBXProject "manageLayoutView" */;
			compatibilityVersion = "Xcode 3.2";
			developmentRegion = English;
			hasScannedForEncodings = 0;
			knownRegions = (
				en,
				Base,
			);
			mainGroup = 81E815021CF488D600662AE9;
			productRefGroup = 81E8150C1CF488D600662AE9 /* Products */;
			projectDirPath = "";
			projectRoot = "";
			targets = (
				81E8150A1CF488D600662AE9 /* manageLayoutView */,
			);
		};
/* End PBXProject section */

/* Begin PBXResourcesBuildPhase section */
		81E815091CF488D600662AE9 /* Resources */ = {
			isa = PBXResourcesBuildPhase;
			buildActionMask = 2147483647;
			files = (
				81E815191CF488D600662AE9 /* LaunchScreen.storyboard in Resources */,
				81E815161CF488D600662AE9 /* Assets.xcassets in Resources */,
				81E815141CF488D600662AE9 /* Main.storyboard in Resources */,
			);
			runOnlyForDeploymentPostprocessing = 0;
		};
/* End PBXResourcesBuildPhase section */

/* Begin PBXSourcesBuildPhase section */
		81E815071CF488D600662AE9 /* Sources */ = {
			isa = PBXSourcesBuildPhase;
			buildActionMask = 2147483647;
			files = (
				81E815111CF488D600662AE9 /* ViewController.swift in Sources */,
				81E8150F1CF488D600662AE9 /* AppDelegate.swift in Sources */,
			);
			runOnlyForDeploymentPostprocessing = 0;
		};
/* End PBXSourcesBuildPhase section */

/* Begin PBXVariantGroup section */
		81E815121CF488D600662AE9 /* Main.storyboard */ = {
			isa = PBXVariantGroup;
			children = (
				81E815131CF488D600662AE9 /* Base */,
			);
			name = Main.storyboard;
			sourceTree = "<group>";
		};
		81E815171CF488D600662AE9 /* LaunchScreen.storyboard */ = {
			isa = PBXVariantGroup;
			children = (
				81E815181CF488D600662AE9 /* Base */,
			);
			name = LaunchScreen.storyboard;
			sourceTree = "<group>";
		};
/* End PBXVariantGroup section */

/* Begin XCBuildConfiguration section */
		81E8151B1CF488D600662AE9 /* Debug */ = {
			isa = XCBuildConfiguration;
			buildSettings = {
				ALWAYS_SEARCH_USER_PATHS = NO;
				CLANG_ANALYZER_NONNULL = YES;
				CLANG_CXX_LANGUAGE_STANDARD = "gnu++0x";
				CLANG_CXX_LIBRARY = "libc++";
				CLANG_ENABLE_MODULES = YES;
				CLANG_ENABLE_OBJC_ARC = YES;
				CLANG_WARN_BOOL_CONVERSION = YES;
				CLANG_WARN_CONSTANT_CONVERSION = YES;
				CLANG_WARN_DIRECT_OBJC_ISA_USAGE = YES_ERROR;
				CLANG_WARN_EMPTY_BODY = YES;
				CLANG_WARN_ENUM_CONVERSION = YES;
				CLANG_WARN_INT_CONVERSION = YES;
				CLANG_WARN_OBJC_ROOT_CLASS = YES_ERROR;
				CLANG_WARN_UNREACHABLE_CODE = YES;
				CLANG_WARN__DUPLICATE_METHOD_MATCH = YES;
				"CODE_SIGN_IDENTITY[sdk=iphoneos*]" = "iPhone Developer";
				COPY_PHASE_STRIP = NO;
				DEBUG_INFORMATION_FORMAT = dwarf;
				ENABLE_STRICT_OBJC_MSGSEND = YES;
				ENABLE_TESTABILITY = YES;
				GCC_C_LANGUAGE_STANDARD = gnu99;
				GCC_DYNAMIC_NO_PIC = NO;
				GCC_NO_COMMON_BLOCKS = YES;
				GCC_OPTIMIZATION_LEVEL = 0;
				GCC_PREPROCESSOR_DEFINITIONS = (
					"DEBUG=1",
					"$(inherited)",
				);
				GCC_WARN_64_TO_32_BIT_CONVERSION = YES;
				GCC_WARN_ABOUT_RETURN_TYPE = YES_ERROR;
				GCC_WARN_UNDECLARED_SELECTOR = YES;
				GCC_WARN_UNINITIALIZED_AUTOS = YES_AGGRESSIVE;
				GCC_WARN_UNUSED_FUNCTION = YES;
				GCC_WARN_UNUSED_VARIABLE = YES;
				IPHONEOS_DEPLOYMENT_TARGET = 9.3;
				MTL_ENABLE_DEBUG_INFO = YES;
				ONLY_ACTIVE_ARCH = YES;
				SDKROOT = iphoneos;
				SWIFT_OPTIMIZATION_LEVEL = "-Onone";
			};
			name = Debug;
		};
		81E8151C1CF488D600662AE9 /* Release */ = {
			isa = XCBuildConfiguration;
			buildSettings = {
				ALWAYS_SEARCH_USER_PATHS = NO;
				CLANG_ANALYZER_NONNULL = YES;
				CLANG_CXX_LANGUAGE_STANDARD = "gnu++0x";
				CLANG_CXX_LIBRARY = "libc++";
				CLANG_ENABLE_MODULES = YES;
				CLANG_ENABLE_OBJC_ARC = YES;
				CLANG_WARN_BOOL_CONVERSION = YES;
				CLANG_WARN_CONSTANT_CONVERSION = YES;
				CLANG_WARN_DIRECT_OBJC_ISA_USAGE = YES_ERROR;
				CLANG_WARN_EMPTY_BODY = YES;
				CLANG_WARN_ENUM_CONVERSION = YES;
				CLANG_WARN_INT_CONVERSION = YES;
				CLANG_WARN_OBJC_ROOT_CLASS = YES_ERROR;
				CLANG_WARN_UNREACHABLE_CODE = YES;
				CLANG_WARN__DUPLICATE_METHOD_MATCH = YES;
				"CODE_SIGN_IDENTITY[sdk=iphoneos*]" = "iPhone Developer";
				COPY_PHASE_STRIP = NO;
				DEBUG_INFORMATION_FORMAT = "dwarf-with-dsym";
				ENABLE_NS_ASSERTIONS = NO;
				ENABLE_STRICT_OBJC_MSGSEND = YES;
				GCC_C_LANGUAGE_STANDARD = gnu99;
				GCC_NO_COMMON_BLOCKS = YES;
				GCC_WARN_64_TO_32_BIT_CONVERSION = YES;
				GCC_WARN_ABOUT_RETURN_TYPE = YES_ERROR;
				GCC_WARN_UNDECLARED_SELECTOR = YES;
				GCC_WARN_UNINITIALIZED_AUTOS = YES_AGGRESSIVE;
				GCC_WARN_UNUSED_FUNCTION = YES;
				GCC_WARN_UNUSED_VARIABLE = YES;
				IPHONEOS_DEPLOYMENT_TARGET = 9.3;
				MTL_ENABLE_DEBUG_INFO = NO;
				SDKROOT = iphoneos;
				VALIDATE_PRODUCT = YES;
			};
			name = Release;
		};
		81E8151E1CF488D600662AE9 /* Debug */ = {
			isa = XCBuildConfiguration;
			buildSettings = {
				ASSETCATALOG_COMPILER_APPICON_NAME = AppIcon;
				CODE_SIGN_IDENTITY = "iPhone Developer";
				"CODE_SIGN_IDENTITY[sdk=iphoneos*]" = "iPhone Developer";
				INFOPLIST_FILE = manageLayoutView/Info.plist;
				LD_RUNPATH_SEARCH_PATHS = "$(inherited) @executable_path/Frameworks";
				PRODUCT_BUNDLE_IDENTIFIER = com.idevios.manageLayoutView;
				PRODUCT_NAME = "$(TARGET_NAME)";
				PROVISIONING_PROFILE = "";
			};
			name = Debug;
		};
		81E8151F1CF488D600662AE9 /* Release */ = {
			isa = XCBuildConfiguration;
			buildSettings = {
				ASSETCATALOG_COMPILER_APPICON_NAME = AppIcon;
				CODE_SIGN_IDENTITY = "iPhone Developer";
				"CODE_SIGN_IDENTITY[sdk=iphoneos*]" = "iPhone Developer";
				INFOPLIST_FILE = manageLayoutView/Info.plist;
				LD_RUNPATH_SEARCH_PATHS = "$(inherited) @executable_path/Frameworks";
				PRODUCT_BUNDLE_IDENTIFIER = com.idevios.manageLayoutView;
				PRODUCT_NAME = "$(TARGET_NAME)";
				PROVISIONING_PROFILE = "";
			};
			name = Release;
		};
/* End XCBuildConfiguration section */

/* Begin XCConfigurationList section */
		81E815061CF488D600662AE9 /* Build configuration list for PBXProject "manageLayoutView" */ = {
			isa = XCConfigurationList;
			buildConfigurations = (
				81E8151B1CF488D600662AE9 /* Debug */,
				81E8151C1CF488D600662AE9 /* Release */,
			);
			defaultConfigurationIsVisible = 0;
			defaultConfigurationName = Release;
		};
		81E8151D1CF488D600662AE9 /* Build configuration list for PBXNativeTarget "manageLayoutView" */ = {
			isa = XCConfigurationList;
			buildConfigurations = (
				81E8151E1CF488D600662AE9 /* Debug */,
				81E8151F1CF488D600662AE9 /* Release */,
			);
			defaultConfigurationIsVisible = 0;
		};
/* End XCConfigurationList section */
	};
	rootObject = 81E815031CF488D600662AE9 /* Project object */;
}
